
Microsoft Visual Studio Solution File, Format Version 12.00
# Visual Studio Version 17
VisualStudioVersion = 17.11.35303.130
MinimumVisualStudioVersion = 10.0.40219.1
Project("{FAE04EC0-301F-11D3-BF4B-00C04F79EFBC}") = "TechZone.API", "TechZone.API\TechZone.API.csproj", "{D5FF5ED4-FBB0-4140-8114-4EE0A9E20E25}"
EndProject
Project("{FAE04EC0-301F-11D3-BF4B-00C04F79EFBC}") = "TechZone.BLL", "TechZone.BLL\TechZone.BLL.csproj", "{BA308F2C-A5C8-4656-9DB5-D07E343A9983}"
EndProject
Project("{FAE04EC0-301F-11D3-BF4B-00C04F79EFBC}") = "TechZone.DAL", "TechZone.DAL\TechZone.DAL.csproj", "{F48AEB68-7E6A-4CA5-B468-B4293F5E7444}"
EndProject
Global
	GlobalSection(SolutionConfigurationPlatforms) = preSolution
		Debug|Any CPU = Debug|Any CPU
		Release|Any CPU = Release|Any CPU
	EndGlobalSection
	GlobalSection(ProjectConfigurationPlatforms) = postSolution
		{D5FF5ED4-FBB0-4140-8114-4EE0A9E20E25}.Debug|Any CPU.ActiveCfg = Debug|Any CPU
		{D5FF5ED4-FBB0-4140-8114-4EE0A9E20E25}.Debug|Any CPU.Build.0 = Debug|Any CPU
		{D5FF5ED4-FBB0-4140-8114-4EE0A9E20E25}.Release|Any CPU.ActiveCfg = Release|Any CPU
		{D5FF5ED4-FBB0-4140-8114-4EE0A9E20E25}.Release|Any CPU.Build.0 = Release|Any CPU
		{BA308F2C-A5C8-4656-9DB5-D07E343A9983}.Debug|Any CPU.ActiveCfg = Debug|Any CPU
		{BA308F2C-A5C8-4656-9DB5-D07E343A9983}.Debug|Any CPU.Build.0 = Debug|Any CPU
		{BA308F2C-A5C8-4656-9DB5-D07E343A9983}.Release|Any CPU.ActiveCfg = Release|Any CPU
		{BA308F2C-A5C8-4656-9DB5-D07E343A9983}.Release|Any CPU.Build.0 = Release|Any CPU
		{F48AEB68-7E6A-4CA5-B468-B4293F5E7444}.Debug|Any CPU.ActiveCfg = Debug|Any CPU
		{F48AEB68-7E6A-4CA5-B468-B4293F5E7444}.Debug|Any CPU.Build.0 = Debug|Any CPU
		{F48AEB68-7E6A-4CA5-B468-B4293F5E7444}.Release|Any CPU.ActiveCfg = Release|Any CPU
		{F48AEB68-7E6A-4CA5-B468-B4293F5E7444}.Release|Any CPU.Build.0 = Release|Any CPU
	EndGlobalSection
	GlobalSection(SolutionProperties) = preSolution
		HideSolutionNode = FALSE
	EndGlobalSection
	GlobalSection(ExtensibilityGlobals) = postSolution
		SolutionGuid = {D8393BB1-DC74-49B4-8F42-3777A08FB0D5}
	EndGlobalSection
EndGlobal
